schema: '2.0'
stages:
  prepare_data:
    cmd: python src/stage_01_prepare_data.py --config=configs/config.yaml
    deps:
    - path: configs/config.yaml
      md5: 3cac42bf72221c5ca9f94e8a12f27ba7
      size: 243
    - path: data/training.1600000.processed.noemoticon.csv
      md5: df952449d6f9b5f9fdfe3fc53ddef7ca
      size: 238803811
    - path: src/stage_01_prepare_data.py
      md5: ccfc8f3626498de284b4bc4199e7630a
      size: 1709
    - path: src/utils/common.py
      md5: d162961d817182441383bdb0e674e685
      size: 675
    outs:
    - path: artifacts/prepared/dataset.csv
      md5: 2279c7924742c92a7531b627202e1d0a
      size: 125819345
