schema: '2.0'
stages:
  prepare_data:
    cmd: python src/stage_01_prepare_data.py --config=configs/config.yaml
    deps:
    - path: configs/config.yaml
      md5: 10cb1145e21506a32369121315a20c84
      size: 489
    - path: data/training.1600000.processed.noemoticon.csv
      md5: df952449d6f9b5f9fdfe3fc53ddef7ca
      size: 238803811
    - path: src/stage_01_prepare_data.py
      md5: d3a04fb794edee2740791572d892b431
      size: 1710
    - path: src/utils/common.py
      md5: d162961d817182441383bdb0e674e685
      size: 675
    outs:
    - path: artifacts/prepared/dataset.csv
      md5: 2279c7924742c92a7531b627202e1d0a
      size: 125819345
  data_preprocess:
    cmd: python src/stage_02_data_preprocess.py --config=configs/config.yaml --params=params.yaml
    deps:
    - path: artifacts/prepared/dataset.csv
      md5: 2279c7924742c92a7531b627202e1d0a
      size: 125819345
    - path: configs/config.yaml
      md5: 10cb1145e21506a32369121315a20c84
      size: 489
    - path: src/stage_02_data_preprocess.py
      md5: b432b8ac1a23158cdd7e727b97255f17
      size: 3547
    - path: src/utils/common.py
      md5: d162961d817182441383bdb0e674e685
      size: 675
    - path: src/utils/data_management.py
      md5: a6a6cdb755c363bd087de11cc97a3a58
      size: 2242
    params:
      params.yaml:
        preprocess.batch_size: 64
        preprocess.buffer_size: 10000
        preprocess.seed: 2021
        preprocess.split: 0.2
    outs:
    - path: artifacts/preprocessed/test.tfrecord
      md5: e9530d5f0c6f71cf2226919984a51acd.dir
      size: 21242244
      nfiles: 3
    - path: artifacts/preprocessed/train.tfrecord
      md5: 3ead7e5538ac02eb7c38ef1df4bf6659.dir
      size: 84884330
      nfiles: 3
  train:
    cmd: python src/stage_03_train.py --config=configs/config.yaml --params=params.yaml
    deps:
    - path: artifacts/preprocessed/test.tfrecord
      md5: e9530d5f0c6f71cf2226919984a51acd.dir
      size: 21242244
      nfiles: 3
    - path: artifacts/preprocessed/train.tfrecord
      md5: 3ead7e5538ac02eb7c38ef1df4bf6659.dir
      size: 84884330
      nfiles: 3
    - path: configs/config.yaml
      md5: 10cb1145e21506a32369121315a20c84
      size: 489
    - path: src/utils/common.py
      md5: d162961d817182441383bdb0e674e685
      size: 675
    - path: src/utils/models.py
      md5: 514808620565edc8518dad0463cf641e
      size: 789
    params:
      params.yaml:
        train.epochs: 1
        train.lstm_units: 64
        train.output_dim: 64
        train.validation_steps: 30
        train.vocab_size: 1000
    outs:
    - path: artifacts/train
      md5: 4a700ec619706aa1910665b26d85683c.dir
      size: 16839953
      nfiles: 10
